
Microsoft Visual Studio Solution File, Format Version 12.00
# Visual Studio Version 16
VisualStudioVersion = 16.0.31105.61
MinimumVisualStudioVersion = 10.0.40219.1
Project("{FAE04EC0-301F-11D3-BF4B-00C04F79EFBC}") = "Decrypt Website", "Decrypt Website\Decrypt Website.csproj", "{23B12D34-A7AC-42C1-872A-E5F590ABAEC9}"
EndProject
Global
	GlobalSection(SolutionConfigurationPlatforms) = preSolution
		Debug|Any CPU = Debug|Any CPU
		Release|Any CPU = Release|Any CPU
	EndGlobalSection
	GlobalSection(ProjectConfigurationPlatforms) = postSolution
		{23B12D34-A7AC-42C1-872A-E5F590ABAEC9}.Debug|Any CPU.ActiveCfg = Debug|Any CPU
		{23B12D34-A7AC-42C1-872A-E5F590ABAEC9}.Debug|Any CPU.Build.0 = Debug|Any CPU
		{23B12D34-A7AC-42C1-872A-E5F590ABAEC9}.Release|Any CPU.ActiveCfg = Release|Any CPU
		{23B12D34-A7AC-42C1-872A-E5F590ABAEC9}.Release|Any CPU.Build.0 = Release|Any CPU
	EndGlobalSection
	GlobalSection(SolutionProperties) = preSolution
		HideSolutionNode = FALSE
	EndGlobalSection
	GlobalSection(ExtensibilityGlobals) = postSolution
		SolutionGuid = {A4707F28-3EEF-4EC6-8C5C-F775205B7CDB}
	EndGlobalSection
EndGlobal
